{
  "name": "@appolo/route",
  "version": "8.0.0",
  "lockfileVersion": 1,
  "requires": true,
  "dependencies": {
    "@appolo/agent": {
      "version": "8.0.0",
      "resolved": "https://registry.npmjs.org/@appolo/agent/-/agent-8.0.0.tgz",
      "integrity": "sha512-pEhwygmHXpesYFKSnLpwocS1hd4wuinckWV82K1eIA0yqwicgUnzxIzsYrQ0z8zOLVhJ0Vnqp3LxAi2G7S3Lpw==",
      "requires": {
        "@appolo/events": "^8.0.0",
        "@appolo/router": "^8.0.1",
        "@appolo/utils": "^8.0.0",
        "mime": "^2.4.6",
        "qs": "^6.9.4",
        "tslib": "^2.0.1"
      }
    },
    "@appolo/engine": {
      "version": "8.0.5",
      "resolved": "https://registry.npmjs.org/@appolo/engine/-/engine-8.0.5.tgz",
      "integrity": "sha512-VfRCNGLeAucr+p2slRIodp8g1GTnD3OUeN6ic0vZKFOUS+xCw1vk/YqcEjcgZOVMFUp3Xg921Y494hCq+ot/dg==",
      "requires": {
        "@appolo/events": "^8.0.0",
        "@appolo/inject": "^8.0.1",
        "@appolo/utils": "^8.0.0",
        "tslib": "^2.0.0"
      }
    },
    "@appolo/events": {
      "version": "8.0.0",
      "resolved": "https://registry.npmjs.org/@appolo/events/-/events-8.0.0.tgz",
      "integrity": "sha512-zcPBFI7tJgTa/gQKfEodv9TMZGUXER7VrmNQvAwGk+olX64gnHm0IkR1/RntpOMpdNqg0QgB7SryfXR6DPKCaA=="
    },
    "@appolo/inject": {
      "version": "8.0.1",
      "resolved": "https://registry.npmjs.org/@appolo/inject/-/inject-8.0.1.tgz",
      "integrity": "sha512-hfaJ5cYQi0y2CDXWZLOeAB6kBh6JXzXlx7+EYbBG218gX+5OPBPw79Lt7adWIWAFseuL8U50CX3WRNp3rQ2d/g==",
      "requires": {
        "@appolo/events": "^8.0.0",
        "reflect-metadata": "^0.1.13",
        "tslib": "^2.0.0"
      }
    },
    "@appolo/router": {
      "version": "8.0.1",
      "resolved": "https://registry.npmjs.org/@appolo/router/-/router-8.0.1.tgz",
      "integrity": "sha512-iQw3rbHwYIbQQtPOKfBqnvfSaeIv7x7U4YTnk0rmyTOPiWqbJbCXNQ+/7EVEftw7IPVgHmXlQ0WHuXhXw4rndQ==",
      "requires": {
        "path-to-regexp": "^6.1.0"
      }
    },
    "@appolo/utils": {
      "version": "8.0.0",
      "resolved": "https://registry.npmjs.org/@appolo/utils/-/utils-8.0.0.tgz",
      "integrity": "sha512-bSaEFe+O2KFc8n7/owRuD8Y1ceHkE1/HvfA7tvNibJWOdMr08Ei8RIqvM1nII6zqeBHmoAAbpROyZQ7qtp7Flg==",
      "requires": {
        "reflect-metadata": "^0.1.13"
      }
    },
    "mime": {
      "version": "2.4.6",
      "resolved": "https://registry.npmjs.org/mime/-/mime-2.4.6.tgz",
      "integrity": "sha512-RZKhC3EmpBchfTGBVb8fb+RL2cWyw/32lshnsETttkBAyAUXSGHxbEJWWRXc751DrIxG1q04b8QwMbAwkRPpUA=="
    },
    "path-to-regexp": {
      "version": "6.1.0",
      "resolved": "https://registry.npmjs.org/path-to-regexp/-/path-to-regexp-6.1.0.tgz",
      "integrity": "sha512-h9DqehX3zZZDCEm+xbfU0ZmwCGFCAAraPJWMXJ4+v32NjZJilVg3k1TcKsRgIb8IQ/izZSaydDc1OhJCZvs2Dw=="
    },
    "qs": {
      "version": "6.9.4",
      "resolved": "https://registry.npmjs.org/qs/-/qs-6.9.4.tgz",
      "integrity": "sha512-A1kFqHekCTM7cz0udomYUoYNWjBebHm/5wzU/XqrBRBNWectVH0QIiN+NEcZ0Dte5hvzHwbr8+XQmguPhJ6WdQ=="
    },
    "reflect-metadata": {
      "version": "0.1.13",
      "resolved": "https://registry.npmjs.org/reflect-metadata/-/reflect-metadata-0.1.13.tgz",
      "integrity": "sha512-Ts1Y/anZELhSsjMcU605fU9RE4Oi3p5ORujwbIKXfWa+0Zxs510Qrmrce5/Jowq3cHSZSJqBjypxmHarc+vEWg=="
    },
    "tslib": {
      "version": "2.0.1",
      "resolved": "https://registry.npmjs.org/tslib/-/tslib-2.0.1.tgz",
      "integrity": "sha512-SgIkNheinmEBgx1IUNirK0TUD4X9yjjBRTqqjggWCU3pUEqIk3/Uwl3yRixYKT6WjQuGiwDv4NomL3wqRCj+CQ=="
    },
    "typescript": {
      "version": "4.0.2",
      "resolved": "https://registry.npmjs.org/typescript/-/typescript-4.0.2.tgz",
      "integrity": "sha512-e4ERvRV2wb+rRZ/IQeb3jm2VxBsirQLpQhdxplZ2MEzGvDkkMmPglecnNDfSUBivMjP93vRbngYYDQqQ/78bcQ==",
      "dev": true
    }
  }
}
