{
  "name": "@appolo/route",
  "version": "8.0.7",
  "lockfileVersion": 1,
  "requires": true,
  "dependencies": {
    "@appolo/agent": {
      "version": "8.0.7",
      "resolved": "https://registry.npmjs.org/@appolo/agent/-/agent-8.0.7.tgz",
      "integrity": "sha512-765w9lIIVXxMG6yxT2NU6/hiCaYFnAPP9ZABOP+gjfTlpUt/VMYRdm18pT04eupjuDgekWGpMGCcXc+vWvDQ2Q==",
      "requires": {
        "@appolo/events": "^8.0.1",
        "@appolo/router": "^8.0.2",
        "@appolo/utils": "^8.0.0",
        "mime": "^2.4.6",
        "tslib": "^2.0.1"
      }
    },
    "@appolo/engine": {
      "version": "8.0.16",
      "resolved": "https://registry.npmjs.org/@appolo/engine/-/engine-8.0.16.tgz",
      "integrity": "sha512-1u7XgO/ztZQXRFkS/gLJJzkQ0cEE6nXvLTm/oaSPnGr4sGqnjHkKzs5vqTJYxF9DnvKmaGy2KlgSmJ+hU5wsvg==",
      "requires": {
        "@appolo/events": "^8.0.1",
        "@appolo/inject": "^8.0.10",
        "@appolo/utils": "^8.0.0",
        "tslib": "^2.0.0"
      }
    },
    "@appolo/events": {
      "version": "8.0.1",
      "resolved": "https://registry.npmjs.org/@appolo/events/-/events-8.0.1.tgz",
      "integrity": "sha512-ABBZMV0uNaejjN6XYTt/B2t2+ObUTkq0vWwVEui/31pnA9BC2qvvuc7ATJtcKF1HAzHcwo98+MXRT/mcJlimKw=="
    },
    "@appolo/inject": {
      "version": "8.0.10",
      "resolved": "https://registry.npmjs.org/@appolo/inject/-/inject-8.0.10.tgz",
      "integrity": "sha512-yrEehANvm1aHdj89y1XpRsHeM09A6ZxB+oydY3010xAuUDd/0i/FNmFaIBSggiEOxrPB2U1aJeKYzTS29wm4/Q==",
      "requires": {
        "@appolo/events": "^8.0.0",
        "reflect-metadata": "^0.1.13",
        "tslib": "^2.0.0"
      }
    },
    "@appolo/router": {
      "version": "8.0.2",
      "resolved": "https://registry.npmjs.org/@appolo/router/-/router-8.0.2.tgz",
      "integrity": "sha512-0kWFB2Dii/jsMqCQ7koUMxDsw25xwkrB8X63PQWCmm/GL+4pwSMv4RJh39Ok6GcIA/nEX0Ii0VjZlAm7cgmwrQ==",
      "requires": {
        "path-to-regexp": "^6.1.0"
      }
    },
    "@appolo/utils": {
      "version": "8.0.1",
      "resolved": "https://registry.npmjs.org/@appolo/utils/-/utils-8.0.1.tgz",
      "integrity": "sha512-RT+P8Z8/vH19H31p+2GetcPTS42KwOrOJsIXSf3gCe4ttzAxQNsgnQqG4r1KvuDYrAKOBnKUHHL6eVvhGjxbkg==",
      "requires": {
        "reflect-metadata": "^0.1.13"
      }
    },
    "@types/node": {
      "version": "14.11.2",
      "resolved": "https://registry.npmjs.org/@types/node/-/node-14.11.2.tgz",
      "integrity": "sha512-jiE3QIxJ8JLNcb1Ps6rDbysDhN4xa8DJJvuC9prr6w+1tIh+QAbYyNF3tyiZNLDBIuBCf4KEcV2UvQm/V60xfA==",
      "dev": true
    },
    "mime": {
      "version": "2.4.6",
      "resolved": "https://registry.npmjs.org/mime/-/mime-2.4.6.tgz",
      "integrity": "sha512-RZKhC3EmpBchfTGBVb8fb+RL2cWyw/32lshnsETttkBAyAUXSGHxbEJWWRXc751DrIxG1q04b8QwMbAwkRPpUA=="
    },
    "path-to-regexp": {
      "version": "6.2.0",
      "resolved": "https://registry.npmjs.org/path-to-regexp/-/path-to-regexp-6.2.0.tgz",
      "integrity": "sha512-f66KywYG6+43afgE/8j/GoiNyygk/bnoCbps++3ErRKsIYkGGupyv07R2Ok5m9i67Iqc+T2g1eAUGUPzWhYTyg=="
    },
    "reflect-metadata": {
      "version": "0.1.13",
      "resolved": "https://registry.npmjs.org/reflect-metadata/-/reflect-metadata-0.1.13.tgz",
      "integrity": "sha512-Ts1Y/anZELhSsjMcU605fU9RE4Oi3p5ORujwbIKXfWa+0Zxs510Qrmrce5/Jowq3cHSZSJqBjypxmHarc+vEWg=="
    },
    "tslib": {
      "version": "2.0.3",
      "resolved": "https://registry.npmjs.org/tslib/-/tslib-2.0.3.tgz",
      "integrity": "sha512-uZtkfKblCEQtZKBF6EBXVZeQNl82yqtDQdv+eck8u7tdPxjLu2/lp5/uPW+um2tpuxINHWy3GhiccY7QgEaVHQ=="
    },
    "typescript": {
      "version": "4.0.3",
      "resolved": "https://registry.npmjs.org/typescript/-/typescript-4.0.3.tgz",
      "integrity": "sha512-tEu6DGxGgRJPb/mVPIZ48e69xCn2yRmCgYmDugAVwmJ6o+0u1RI18eO7E7WBTLYLaEVVOhwQmcdhQHweux/WPg==",
      "dev": true
    }
  }
}
