{
  "name": "@appolo/route",
  "version": "8.0.10",
  "lockfileVersion": 3,
  "requires": true,
  "packages": {
    "": {
      "name": "@appolo/route",
      "version": "8.0.10",
      "license": "MIT",
      "dependencies": {
        "@appolo/agent": "^8.0.11",
        "@appolo/engine": "^8.0.22",
        "@appolo/events": "^8.0.1",
        "@appolo/inject": "^8.0.10",
        "@appolo/utils": "^8.0.1",
        "tslib": "^2.5.0"
      },
      "devDependencies": {
        "@types/node": "^18.15.5",
        "typescript": "^4.9.5"
      },
      "engines": {
        "node": ">= 12.12.x",
        "npm": ">= 6.x.x"
      }
    },
    "node_modules/@appolo/agent": {
      "version": "8.0.11",
      "resolved": "https://registry.npmjs.org/@appolo/agent/-/agent-8.0.11.tgz",
      "integrity": "sha512-seoGAleVqgA1GrxmEOEKc7bkynriqw62mduxt1TiWugifesDnFfBVkGjWTgJNRnTnHYBJjqq0B4Cam66VU2OCA==",
      "dependencies": {
        "@appolo/events": "^8.0.2",
        "@appolo/router": "^8.0.2",
        "@appolo/utils": "^8.0.0",
        "mime": "^3.0.0",
        "tslib": "^2.3.1"
      },
      "engines": {
        "node": ">= 12.x.x",
        "npm": ">= 6.x.x"
      }
    },
    "node_modules/@appolo/engine": {
      "version": "8.0.22",
      "resolved": "https://registry.npmjs.org/@appolo/engine/-/engine-8.0.22.tgz",
      "integrity": "sha512-jh4wPpdmcz6p0bf38NUfckIUfe4XjlUo4FgmlMsuUgIgRm/jb+CnwXEzoItrTEt7StF6p4710nxEEAN30wpQQA==",
      "dependencies": {
        "@appolo/events": "^8.0.2",
        "@appolo/inject": "^8.0.13",
        "@appolo/utils": "^8.0.2",
        "tslib": "^2.0.0"
      },
      "engines": {
        "node": ">= 12.x.x",
        "npm": ">=6.x.x"
      }
    },
    "node_modules/@appolo/engine/node_modules/@appolo/inject": {
      "version": "8.0.13",
      "resolved": "https://registry.npmjs.org/@appolo/inject/-/inject-8.0.13.tgz",
      "integrity": "sha512-c7WQZgeZH/41fUe7sMbCyXAWbsjskh5vgqLN6kZ3tc3uL+OP0BVe7qSJqN3b0LBfBvwcfBQpa2vx3QQm70/COg==",
      "dependencies": {
        "@appolo/events": "^8.0.2",
        "reflect-metadata": "^0.1.13",
        "tslib": "^2.0.0"
      },
      "engines": {
        "node": ">= 4.0.0",
        "npm": ">=2.14.x"
      }
    },
    "node_modules/@appolo/engine/node_modules/@appolo/utils": {
      "version": "8.0.8",
      "resolved": "https://registry.npmjs.org/@appolo/utils/-/utils-8.0.8.tgz",
      "integrity": "sha512-m/vuR2zy1MJ7Qz7k0IIL7/150undndOATbpWXvPJMaFhSzbBIXaR0FDeGCiXEWw3v57AnVnsSWA6/XfLpN6VWA==",
      "dependencies": {
        "reflect-metadata": "^0.1.13"
      },
      "engines": {
        "node": ">= 12.x.x",
        "npm": ">= 6.x.x"
      }
    },
    "node_modules/@appolo/events": {
      "version": "8.0.2",
      "resolved": "https://registry.npmjs.org/@appolo/events/-/events-8.0.2.tgz",
      "integrity": "sha512-i4IbvmFic+U9P/TFneABC0nlZrhbjlr0PgJkKaXjziG8H+3929rf2mFcyY6acjZ+NPBrf9NFDFdX/22Gp6Iyow==",
      "engines": {
        "node": ">= 12.x.x",
        "npm": ">= 6.x.x"
      }
    },
    "node_modules/@appolo/inject": {
      "version": "8.0.10",
      "resolved": "https://registry.npmjs.org/@appolo/inject/-/inject-8.0.10.tgz",
      "integrity": "sha512-yrEehANvm1aHdj89y1XpRsHeM09A6ZxB+oydY3010xAuUDd/0i/FNmFaIBSggiEOxrPB2U1aJeKYzTS29wm4/Q==",
      "dependencies": {
        "@appolo/events": "^8.0.0",
        "reflect-metadata": "^0.1.13",
        "tslib": "^2.0.0"
      },
      "engines": {
        "node": ">= 4.0.0",
        "npm": ">=2.14.x"
      }
    },
    "node_modules/@appolo/router": {
      "version": "8.0.2",
      "resolved": "https://registry.npmjs.org/@appolo/router/-/router-8.0.2.tgz",
      "integrity": "sha512-0kWFB2Dii/jsMqCQ7koUMxDsw25xwkrB8X63PQWCmm/GL+4pwSMv4RJh39Ok6GcIA/nEX0Ii0VjZlAm7cgmwrQ==",
      "dependencies": {
        "path-to-regexp": "^6.1.0"
      },
      "engines": {
        "node": ">= 8.4.x",
        "npm": ">= 5.3.x"
      }
    },
    "node_modules/@appolo/utils": {
      "version": "8.0.1",
      "resolved": "https://registry.npmjs.org/@appolo/utils/-/utils-8.0.1.tgz",
      "integrity": "sha512-RT+P8Z8/vH19H31p+2GetcPTS42KwOrOJsIXSf3gCe4ttzAxQNsgnQqG4r1KvuDYrAKOBnKUHHL6eVvhGjxbkg==",
      "dependencies": {
        "reflect-metadata": "^0.1.13"
      },
      "engines": {
        "node": ">= 12.x.x",
        "npm": ">= 6.x.x"
      }
    },
    "node_modules/@types/node": {
      "version": "18.15.5",
      "resolved": "https://registry.npmjs.org/@types/node/-/node-18.15.5.tgz",
      "integrity": "sha512-Ark2WDjjZO7GmvsyFFf81MXuGTA/d6oP38anyxWOL6EREyBKAxKoFHwBhaZxCfLRLpO8JgVXwqOwSwa7jRcjew==",
      "dev": true
    },
    "node_modules/mime": {
      "version": "3.0.0",
      "resolved": "https://registry.npmjs.org/mime/-/mime-3.0.0.tgz",
      "integrity": "sha512-jSCU7/VB1loIWBZe14aEYHU/+1UMEHoaO7qxCOVJOw9GgH72VAWppxNcjU+x9a2k3GSIBXNKxXQFqRvvZ7vr3A==",
      "bin": {
        "mime": "cli.js"
      },
      "engines": {
        "node": ">=10.0.0"
      }
    },
    "node_modules/path-to-regexp": {
      "version": "6.2.0",
      "resolved": "https://registry.npmjs.org/path-to-regexp/-/path-to-regexp-6.2.0.tgz",
      "integrity": "sha512-f66KywYG6+43afgE/8j/GoiNyygk/bnoCbps++3ErRKsIYkGGupyv07R2Ok5m9i67Iqc+T2g1eAUGUPzWhYTyg=="
    },
    "node_modules/reflect-metadata": {
      "version": "0.1.13",
      "resolved": "https://registry.npmjs.org/reflect-metadata/-/reflect-metadata-0.1.13.tgz",
      "integrity": "sha512-Ts1Y/anZELhSsjMcU605fU9RE4Oi3p5ORujwbIKXfWa+0Zxs510Qrmrce5/Jowq3cHSZSJqBjypxmHarc+vEWg=="
    },
    "node_modules/tslib": {
      "version": "2.5.0",
      "resolved": "https://registry.npmjs.org/tslib/-/tslib-2.5.0.tgz",
      "integrity": "sha512-336iVw3rtn2BUK7ORdIAHTyxHGRIHVReokCR3XjbckJMK7ms8FysBfhLR8IXnAgy7T0PTPNBWKiH514FOW/WSg=="
    },
    "node_modules/typescript": {
      "version": "4.9.5",
      "resolved": "https://registry.npmjs.org/typescript/-/typescript-4.9.5.tgz",
      "integrity": "sha512-1FXk9E2Hm+QzZQ7z+McJiHL4NW1F2EzMu9Nq9i3zAaGqibafqYwCVU6WyWAuyQRRzOlxou8xZSyXLEN8oKj24g==",
      "dev": true,
      "bin": {
        "tsc": "bin/tsc",
        "tsserver": "bin/tsserver"
      },
      "engines": {
        "node": ">=4.2.0"
      }
    }
  }
}
